{
  "name": "test-pack",
  "version": "1.0.0",
  "lockfileVersion": 2,
  "requires": true,
  "packages": {
    "": {
      "name": "test-pack",
      "version": "1.0.0",
      "license": "ISC",
      "dependencies": {
        "somejsutilities": "file:../dist/src/somejsutilities-1.0.1.tgz"
      }
    },
    "node_modules/somejsutilities": {
      "version": "1.0.1",
      "resolved": "file:../dist/src/somejsutilities-1.0.1.tgz",
      "integrity": "sha512-Y2Dt1Hi01ZunJwS3tASiTrM3tKjOvRvGCYLmViBZTJpAvCJ7RAqutlhZdegIvTJppIbAKs0kcLV6muCf55RFxQ==",
      "license": "ISC"
    }
  },
  "dependencies": {
    "somejsutilities": {
      "version": "file:../dist/src/somejsutilities-1.0.1.tgz",
      "integrity": "sha512-Y2Dt1Hi01ZunJwS3tASiTrM3tKjOvRvGCYLmViBZTJpAvCJ7RAqutlhZdegIvTJppIbAKs0kcLV6muCf55RFxQ=="
    }
  }
}
