{
  "name": "test-pack",
  "version": "1.0.0",
  "lockfileVersion": 2,
  "requires": true,
  "packages": {
    "": {
      "name": "test-pack",
      "version": "1.0.0",
      "license": "ISC",
      "dependencies": {
        "somejsutilities": "file:../dist/src/somejsutilities-1.0.1.tgz"
      }
    },
    "node_modules/somejsutilities": {
      "version": "1.0.1",
      "resolved": "file:../dist/src/somejsutilities-1.0.1.tgz",
      "integrity": "sha512-Bvf1Q67PUSQYgF8RpbTDLygJUAqpFBPSLZy1oXH9GZfchnmNyaNki+9gv/66fYmxaN9jrdqgQAYcR41KmD7/bA==",
      "license": "ISC"
    }
  },
  "dependencies": {
    "somejsutilities": {
      "version": "file:../dist/src/somejsutilities-1.0.1.tgz",
      "integrity": "sha512-Bvf1Q67PUSQYgF8RpbTDLygJUAqpFBPSLZy1oXH9GZfchnmNyaNki+9gv/66fYmxaN9jrdqgQAYcR41KmD7/bA=="
    }
  }
}
