{
  "name": "test-pack",
  "version": "1.0.0",
  "lockfileVersion": 2,
  "requires": true,
  "packages": {
    "": {
      "name": "test-pack",
      "version": "1.0.0",
      "license": "ISC",
      "dependencies": {
        "somejsutilities": "file:../dist/src/somejsutilities-1.0.1.tgz"
      }
    },
    "node_modules/somejsutilities": {
      "version": "1.0.1",
      "resolved": "file:../dist/src/somejsutilities-1.0.1.tgz",
      "integrity": "sha512-8c53GGjbADIH6niSmB+Tp4g+zQCnJ8ubf+y8gxVorx4x9ueAZxozdpT2sGnL4FCPlQzxb02eUXOQ1FxRc95zkw==",
      "license": "ISC"
    }
  },
  "dependencies": {
    "somejsutilities": {
      "version": "file:../dist/src/somejsutilities-1.0.1.tgz",
      "integrity": "sha512-8c53GGjbADIH6niSmB+Tp4g+zQCnJ8ubf+y8gxVorx4x9ueAZxozdpT2sGnL4FCPlQzxb02eUXOQ1FxRc95zkw=="
    }
  }
}
